
Microsoft Visual Studio Solution File, Format Version 12.00
# Visual Studio Version 16
VisualStudioVersion = 16.0.33130.400
MinimumVisualStudioVersion = 10.0.40219.1
Project("{8BC9CEB8-8B4A-11D0-8D11-00A0C91BC942}") = "001 NumberAdd", "两数之和\NumberAdd\NumberAdd.vcxproj", "{2DE1A248-4E55-46D2-A652-97EFAD80B927}"
EndProject
Project("{8BC9CEB8-8B4A-11D0-8D11-00A0C91BC942}") = "002 addTwoNumbers", "addTwoNumbers\addTwoNumbers.vcxproj", "{DCAA2D9C-D1B0-4B38-923B-75A665AA4AFA}"
EndProject
Project("{8BC9CEB8-8B4A-11D0-8D11-00A0C91BC942}") = "003 lengthOfLongestSubstring", "lengthOfLongestSubstring\lengthOfLongestSubstring.vcxproj", "{348931E7-9667-4DCC-8076-F1973AC59EDF}"
EndProject
Project("{8BC9CEB8-8B4A-11D0-8D11-00A0C91BC942}") = "003_1 uartString", "003_1 uartString\003_1 uartString.vcxproj", "{E6BD2C71-698F-41C5-828D-77A46AAB0C00}"
EndProject
Project("{8BC9CEB8-8B4A-11D0-8D11-00A0C91BC942}") = "004 findMedianSortedArrays", "findMedianSortedArrays\findMedianSortedArrays.vcxproj", "{7D862A46-F3CA-4001-98A2-5BC05C739363}"
EndProject
Project("{8BC9CEB8-8B4A-11D0-8D11-00A0C91BC942}") = "005 longestPalindrome", "005 longestPalindrome\005 longestPalindrome.vcxproj", "{42345CA3-A468-49BB-859E-92576CC6EC9D}"
EndProject
Project("{8BC9CEB8-8B4A-11D0-8D11-00A0C91BC942}") = "006 convert", "006 convert\006 convert.vcxproj", "{530B3B75-FD3D-4C06-B024-9D5EB069185B}"
EndProject
Global
	GlobalSection(SolutionConfigurationPlatforms) = preSolution
		Debug|x64 = Debug|x64
		Debug|x86 = Debug|x86
		Release|x64 = Release|x64
		Release|x86 = Release|x86
	EndGlobalSection
	GlobalSection(ProjectConfigurationPlatforms) = postSolution
		{2DE1A248-4E55-46D2-A652-97EFAD80B927}.Debug|x64.ActiveCfg = Debug|x64
		{2DE1A248-4E55-46D2-A652-97EFAD80B927}.Debug|x64.Build.0 = Debug|x64
		{2DE1A248-4E55-46D2-A652-97EFAD80B927}.Debug|x86.ActiveCfg = Debug|Win32
		{2DE1A248-4E55-46D2-A652-97EFAD80B927}.Debug|x86.Build.0 = Debug|Win32
		{2DE1A248-4E55-46D2-A652-97EFAD80B927}.Release|x64.ActiveCfg = Release|x64
		{2DE1A248-4E55-46D2-A652-97EFAD80B927}.Release|x64.Build.0 = Release|x64
		{2DE1A248-4E55-46D2-A652-97EFAD80B927}.Release|x86.ActiveCfg = Release|Win32
		{2DE1A248-4E55-46D2-A652-97EFAD80B927}.Release|x86.Build.0 = Release|Win32
		{DCAA2D9C-D1B0-4B38-923B-75A665AA4AFA}.Debug|x64.ActiveCfg = Debug|x64
		{DCAA2D9C-D1B0-4B38-923B-75A665AA4AFA}.Debug|x64.Build.0 = Debug|x64
		{DCAA2D9C-D1B0-4B38-923B-75A665AA4AFA}.Debug|x86.ActiveCfg = Debug|Win32
		{DCAA2D9C-D1B0-4B38-923B-75A665AA4AFA}.Debug|x86.Build.0 = Debug|Win32
		{DCAA2D9C-D1B0-4B38-923B-75A665AA4AFA}.Release|x64.ActiveCfg = Release|x64
		{DCAA2D9C-D1B0-4B38-923B-75A665AA4AFA}.Release|x64.Build.0 = Release|x64
		{DCAA2D9C-D1B0-4B38-923B-75A665AA4AFA}.Release|x86.ActiveCfg = Release|Win32
		{DCAA2D9C-D1B0-4B38-923B-75A665AA4AFA}.Release|x86.Build.0 = Release|Win32
		{348931E7-9667-4DCC-8076-F1973AC59EDF}.Debug|x64.ActiveCfg = Debug|x64
		{348931E7-9667-4DCC-8076-F1973AC59EDF}.Debug|x64.Build.0 = Debug|x64
		{348931E7-9667-4DCC-8076-F1973AC59EDF}.Debug|x86.ActiveCfg = Debug|Win32
		{348931E7-9667-4DCC-8076-F1973AC59EDF}.Debug|x86.Build.0 = Debug|Win32
		{348931E7-9667-4DCC-8076-F1973AC59EDF}.Release|x64.ActiveCfg = Release|x64
		{348931E7-9667-4DCC-8076-F1973AC59EDF}.Release|x64.Build.0 = Release|x64
		{348931E7-9667-4DCC-8076-F1973AC59EDF}.Release|x86.ActiveCfg = Release|Win32
		{348931E7-9667-4DCC-8076-F1973AC59EDF}.Release|x86.Build.0 = Release|Win32
		{E6BD2C71-698F-41C5-828D-77A46AAB0C00}.Debug|x64.ActiveCfg = Debug|x64
		{E6BD2C71-698F-41C5-828D-77A46AAB0C00}.Debug|x64.Build.0 = Debug|x64
		{E6BD2C71-698F-41C5-828D-77A46AAB0C00}.Debug|x86.ActiveCfg = Debug|Win32
		{E6BD2C71-698F-41C5-828D-77A46AAB0C00}.Debug|x86.Build.0 = Debug|Win32
		{E6BD2C71-698F-41C5-828D-77A46AAB0C00}.Release|x64.ActiveCfg = Release|x64
		{E6BD2C71-698F-41C5-828D-77A46AAB0C00}.Release|x64.Build.0 = Release|x64
		{E6BD2C71-698F-41C5-828D-77A46AAB0C00}.Release|x86.ActiveCfg = Release|Win32
		{E6BD2C71-698F-41C5-828D-77A46AAB0C00}.Release|x86.Build.0 = Release|Win32
		{7D862A46-F3CA-4001-98A2-5BC05C739363}.Debug|x64.ActiveCfg = Debug|x64
		{7D862A46-F3CA-4001-98A2-5BC05C739363}.Debug|x64.Build.0 = Debug|x64
		{7D862A46-F3CA-4001-98A2-5BC05C739363}.Debug|x86.ActiveCfg = Debug|Win32
		{7D862A46-F3CA-4001-98A2-5BC05C739363}.Debug|x86.Build.0 = Debug|Win32
		{7D862A46-F3CA-4001-98A2-5BC05C739363}.Release|x64.ActiveCfg = Release|x64
		{7D862A46-F3CA-4001-98A2-5BC05C739363}.Release|x64.Build.0 = Release|x64
		{7D862A46-F3CA-4001-98A2-5BC05C739363}.Release|x86.ActiveCfg = Release|Win32
		{7D862A46-F3CA-4001-98A2-5BC05C739363}.Release|x86.Build.0 = Release|Win32
		{42345CA3-A468-49BB-859E-92576CC6EC9D}.Debug|x64.ActiveCfg = Debug|x64
		{42345CA3-A468-49BB-859E-92576CC6EC9D}.Debug|x64.Build.0 = Debug|x64
		{42345CA3-A468-49BB-859E-92576CC6EC9D}.Debug|x86.ActiveCfg = Debug|Win32
		{42345CA3-A468-49BB-859E-92576CC6EC9D}.Debug|x86.Build.0 = Debug|Win32
		{42345CA3-A468-49BB-859E-92576CC6EC9D}.Release|x64.ActiveCfg = Release|x64
		{42345CA3-A468-49BB-859E-92576CC6EC9D}.Release|x64.Build.0 = Release|x64
		{42345CA3-A468-49BB-859E-92576CC6EC9D}.Release|x86.ActiveCfg = Release|Win32
		{42345CA3-A468-49BB-859E-92576CC6EC9D}.Release|x86.Build.0 = Release|Win32
		{530B3B75-FD3D-4C06-B024-9D5EB069185B}.Debug|x64.ActiveCfg = Debug|x64
		{530B3B75-FD3D-4C06-B024-9D5EB069185B}.Debug|x64.Build.0 = Debug|x64
		{530B3B75-FD3D-4C06-B024-9D5EB069185B}.Debug|x86.ActiveCfg = Debug|Win32
		{530B3B75-FD3D-4C06-B024-9D5EB069185B}.Debug|x86.Build.0 = Debug|Win32
		{530B3B75-FD3D-4C06-B024-9D5EB069185B}.Release|x64.ActiveCfg = Release|x64
		{530B3B75-FD3D-4C06-B024-9D5EB069185B}.Release|x64.Build.0 = Release|x64
		{530B3B75-FD3D-4C06-B024-9D5EB069185B}.Release|x86.ActiveCfg = Release|Win32
		{530B3B75-FD3D-4C06-B024-9D5EB069185B}.Release|x86.Build.0 = Release|Win32
	EndGlobalSection
	GlobalSection(SolutionProperties) = preSolution
		HideSolutionNode = FALSE
	EndGlobalSection
	GlobalSection(ExtensibilityGlobals) = postSolution
		SolutionGuid = {DD443A18-BDBF-4BD7-9892-CCDE1C204403}
	EndGlobalSection
EndGlobal
